
Microsoft Visual Studio Solution File, Format Version 12.00
# Visual Studio Version 16
VisualStudioVersion = 16.0.31624.102
MinimumVisualStudioVersion = 10.0.40219.1
Project("{FAE04EC0-301F-11D3-BF4B-00C04F79EFBC}") = "OOP_Labb5", "OOP_Labb5\OOP_Labb5.csproj", "{869938F5-8EBC-4715-B1CF-4B407FDBAE02}"
EndProject
Global
	GlobalSection(SolutionConfigurationPlatforms) = preSolution
		Debug|Any CPU = Debug|Any CPU
		Release|Any CPU = Release|Any CPU
	EndGlobalSection
	GlobalSection(ProjectConfigurationPlatforms) = postSolution
		{869938F5-8EBC-4715-B1CF-4B407FDBAE02}.Debug|Any CPU.ActiveCfg = Debug|Any CPU
		{869938F5-8EBC-4715-B1CF-4B407FDBAE02}.Debug|Any CPU.Build.0 = Debug|Any CPU
		{869938F5-8EBC-4715-B1CF-4B407FDBAE02}.Release|Any CPU.ActiveCfg = Release|Any CPU
		{869938F5-8EBC-4715-B1CF-4B407FDBAE02}.Release|Any CPU.Build.0 = Release|Any CPU
	EndGlobalSection
	GlobalSection(SolutionProperties) = preSolution
		HideSolutionNode = FALSE
	EndGlobalSection
	GlobalSection(ExtensibilityGlobals) = postSolution
		SolutionGuid = {4597D78F-5A85-47AF-A911-4F35D74FB0C2}
	EndGlobalSection
EndGlobal
